<?xml version="1.0" encoding="UTF-8" standalone="yes" ?>
<CodeBlocks_project_file>
	<FileVersion major="1" minor="6" />
	<Project>
		<Option title="Pizza" />
		<Option pch_mode="2" />
		<Option compiler="gcc" />
		<Build>
			<Target title="Debug">
				<Option output="bin/Debug/Pizza" prefix_auto="1" extension_auto="1" />
				<Option object_output="obj/Debug/" />
				<Option type="1" />
				<Option compiler="gcc" />
				<Compiler>
					<Add option="-g" />
					<Add directory="headers" />
				</Compiler>
			</Target>
			<Target title="Release">
				<Option output="bin/Release/Pizza" prefix_auto="1" extension_auto="1" />
				<Option object_output="obj/Release/" />
				<Option type="1" />
				<Option compiler="gcc" />
				<Compiler>
					<Add option="-O2" />
				</Compiler>
				<Linker>
					<Add option="-s" />
				</Linker>
			</Target>
		</Build>
		<Compiler>
			<Add option="-Wall" />
			<Add directory="headers" />
		</Compiler>
		<Unit filename="headers/AdminUI.h" />
		<Unit filename="headers/BakerUI.h" />
		<Unit filename="headers/DeliveryUI.h" />
		<Unit filename="headers/LoginUI.h" />
		<Unit filename="headers/SaleUI.h" />
		<Unit filename="headers/textcolors.h" />
		<Unit filename="main.cpp" />
		<Unit filename="src/AdminUI.cpp" />
		<Unit filename="src/BakerUI.cpp" />
		<Unit filename="src/DeliveryUI.cpp" />
		<Unit filename="src/LoginUI.cpp" />
		<Unit filename="src/SaleUI.cpp" />
<<<<<<< HEAD
=======
<<<<<<< HEAD
=======
		<Unit filename="src/order.cpp" />
>>>>>>> 4f3574f45b2b35a21e4261409566dfe720ac6fce
>>>>>>> 57c71e37b9103f3e733bccb9c435439aa01f7bb3
		<Unit filename="src/textcolors.cpp" />
		<Extensions>
			<code_completion />
			<envvars />
			<debugger />
		</Extensions>
	</Project>
</CodeBlocks_project_file>
